
Microsoft Visual Studio Solution File, Format Version 12.00
# Visual Studio Version 16
VisualStudioVersion = 16.0.33529.622
MinimumVisualStudioVersion = 10.0.40219.1
Project("{FAE04EC0-301F-11D3-BF4B-00C04F79EFBC}") = "CJ_HASD_ADMIN", "CJ_HASD_ADMIN\CJ_HASD_ADMIN.csproj", "{8A5159C5-2CFF-4063-983D-7032B843D3A1}"
EndProject
Global
	GlobalSection(SolutionConfigurationPlatforms) = preSolution
		Debug|Any CPU = Debug|Any CPU
		Release|Any CPU = Release|Any CPU
	EndGlobalSection
	GlobalSection(ProjectConfigurationPlatforms) = postSolution
		{8A5159C5-2CFF-4063-983D-7032B843D3A1}.Debug|Any CPU.ActiveCfg = Debug|Any CPU
		{8A5159C5-2CFF-4063-983D-7032B843D3A1}.Debug|Any CPU.Build.0 = Debug|Any CPU
		{8A5159C5-2CFF-4063-983D-7032B843D3A1}.Release|Any CPU.ActiveCfg = Release|Any CPU
		{8A5159C5-2CFF-4063-983D-7032B843D3A1}.Release|Any CPU.Build.0 = Release|Any CPU
	EndGlobalSection
	GlobalSection(SolutionProperties) = preSolution
		HideSolutionNode = FALSE
	EndGlobalSection
	GlobalSection(ExtensibilityGlobals) = postSolution
		SolutionGuid = {94E1F8EA-1F02-497D-BDE4-A22D5DED38B0}
	EndGlobalSection
EndGlobal
